
Microsoft Visual Studio Solution File, Format Version 12.00
# Visual Studio Version 17
VisualStudioVersion = 17.4.33205.214
MinimumVisualStudioVersion = 10.0.40219.1
Project("{F184B08F-C81C-45F6-A57F-5ABD9991F28F}") = "GithubTest", "GithubTest\GithubTest.vbproj", "{2D978835-361D-4F99-BA30-CFD9D68A0B87}"
EndProject
Global
	GlobalSection(SolutionConfigurationPlatforms) = preSolution
		Debug|Any CPU = Debug|Any CPU
		Release|Any CPU = Release|Any CPU
	EndGlobalSection
	GlobalSection(ProjectConfigurationPlatforms) = postSolution
		{2D978835-361D-4F99-BA30-CFD9D68A0B87}.Debug|Any CPU.ActiveCfg = Debug|Any CPU
		{2D978835-361D-4F99-BA30-CFD9D68A0B87}.Debug|Any CPU.Build.0 = Debug|Any CPU
		{2D978835-361D-4F99-BA30-CFD9D68A0B87}.Release|Any CPU.ActiveCfg = Release|Any CPU
		{2D978835-361D-4F99-BA30-CFD9D68A0B87}.Release|Any CPU.Build.0 = Release|Any CPU
	EndGlobalSection
	GlobalSection(SolutionProperties) = preSolution
		HideSolutionNode = FALSE
	EndGlobalSection
	GlobalSection(ExtensibilityGlobals) = postSolution
		SolutionGuid = {2CD1968C-C5F3-4893-B2FB-E46390128D7E}
	EndGlobalSection
EndGlobal
